
Microsoft Visual Studio Solution File, Format Version 12.00
# Visual Studio 14
VisualStudioVersion = 14.0.25420.1
MinimumVisualStudioVersion = 10.0.40219.1
Project("{FAE04EC0-301F-11D3-BF4B-00C04F79EFBC}") = "SEP_FingerPrint", "SEP_FingerPrint\SEP_FingerPrint.csproj", "{EC30BBC7-0B86-4241-BE40-1408B990C578}"
EndProject
Project("{FAE04EC0-301F-11D3-BF4B-00C04F79EFBC}") = "FingerPrint.UnitTests", "FingerPrint.UnitTests\FingerPrint.UnitTests.csproj", "{72EAE759-26EF-4F7C-9E6F-B981E0350ACB}"
EndProject
Global
	GlobalSection(SolutionConfigurationPlatforms) = preSolution
		Debug|Any CPU = Debug|Any CPU
		Release|Any CPU = Release|Any CPU
	EndGlobalSection
	GlobalSection(ProjectConfigurationPlatforms) = postSolution
		{EC30BBC7-0B86-4241-BE40-1408B990C578}.Debug|Any CPU.ActiveCfg = Debug|Any CPU
		{EC30BBC7-0B86-4241-BE40-1408B990C578}.Debug|Any CPU.Build.0 = Debug|Any CPU
		{EC30BBC7-0B86-4241-BE40-1408B990C578}.Release|Any CPU.ActiveCfg = Release|Any CPU
		{EC30BBC7-0B86-4241-BE40-1408B990C578}.Release|Any CPU.Build.0 = Release|Any CPU
		{72EAE759-26EF-4F7C-9E6F-B981E0350ACB}.Debug|Any CPU.ActiveCfg = Debug|Any CPU
		{72EAE759-26EF-4F7C-9E6F-B981E0350ACB}.Debug|Any CPU.Build.0 = Debug|Any CPU
		{72EAE759-26EF-4F7C-9E6F-B981E0350ACB}.Release|Any CPU.ActiveCfg = Release|Any CPU
		{72EAE759-26EF-4F7C-9E6F-B981E0350ACB}.Release|Any CPU.Build.0 = Release|Any CPU
	EndGlobalSection
	GlobalSection(SolutionProperties) = preSolution
		HideSolutionNode = FALSE
	EndGlobalSection
	GlobalSection(ExtensibilityGlobals) = postSolution
		SolutionGuid = {03E330DB-A468-4B3F-9CA5-088B6F442DF4}
	EndGlobalSection
EndGlobal
